
Microsoft Visual Studio Solution File, Format Version 12.00
# Visual Studio Version 17
VisualStudioVersion = 17.0.32014.148
MinimumVisualStudioVersion = 10.0.40219.1
Project("{FAE04EC0-301F-11D3-BF4B-00C04F79EFBC}") = "Car_Management_System1", "Car_Management_System1\Car_Management_System1.csproj", "{133887D6-68A3-4DBB-B7BD-907D1CCF9486}"
EndProject
Global
	GlobalSection(SolutionConfigurationPlatforms) = preSolution
		Debug|Any CPU = Debug|Any CPU
		Release|Any CPU = Release|Any CPU
	EndGlobalSection
	GlobalSection(ProjectConfigurationPlatforms) = postSolution
		{133887D6-68A3-4DBB-B7BD-907D1CCF9486}.Debug|Any CPU.ActiveCfg = Debug|Any CPU
		{133887D6-68A3-4DBB-B7BD-907D1CCF9486}.Debug|Any CPU.Build.0 = Debug|Any CPU
		{133887D6-68A3-4DBB-B7BD-907D1CCF9486}.Release|Any CPU.ActiveCfg = Release|Any CPU
		{133887D6-68A3-4DBB-B7BD-907D1CCF9486}.Release|Any CPU.Build.0 = Release|Any CPU
	EndGlobalSection
	GlobalSection(SolutionProperties) = preSolution
		HideSolutionNode = FALSE
	EndGlobalSection
	GlobalSection(ExtensibilityGlobals) = postSolution
		SolutionGuid = {1C1F09C0-DE27-4036-8904-B8D10674021B}
	EndGlobalSection
EndGlobal
